schema: '2.0'
stages:
  data_collection:
    cmd: python src/data/data_collection.py
    deps:
    - path: data/raw/water_potability.csv
      hash: md5
      md5: a5eeae83d792e40da6c2f9e1eab945fc
      size: 525187
    - path: src/data/data_collection.py
      hash: md5
      md5: 861f090091e8248ae979fc6694d1417d
      size: 2330
    params:
      params.yaml:
        data_collection.test_size: 0.2
    outs:
    - path: data/raw/test.csv
      hash: md5
      md5: 66185e107102acccc3d127348394a632
      size: 104672
    - path: data/raw/train.csv
      hash: md5
      md5: 4e2e1af41df8c7e06d17c2047e710397
      size: 417590
  pre_processing:
    cmd: python src/data/data_prep.py
    deps:
    - path: data/raw
      hash: md5
      md5: 7b63eec01bd1e3e49fa19acdea6077e6.dir
      size: 1047556
      nfiles: 4
    - path: src/data/data_prep.py
      hash: md5
      md5: f20fed86be50c5c884494659f270ae81
      size: 1805
    params:
      params.yaml:
        model_building.n_estimators: 1000
    outs:
    - path: data/processed
      hash: md5
      md5: 92d970708e40f01ffc5f718fc97b9c87.dir
      size: 521886
      nfiles: 2
  model_building:
    cmd: python src/model/model_building.py
    deps:
    - path: data/processed
      hash: md5
      md5: 92d970708e40f01ffc5f718fc97b9c87.dir
      size: 521886
      nfiles: 2
    - path: src/model/model_building.py
      hash: md5
      md5: 2e1dc813402b41ebe1713b3aa0763eb4
      size: 2536
    outs:
    - path: models/model.pkl
      hash: md5
      md5: 051818fd7bc064bb86d42e039fb00452
      size: 71677988
  model_eval:
    cmd: python src/model/model_eval.py
    deps:
    - path: models/model.pkl
      hash: md5
      md5: 051818fd7bc064bb86d42e039fb00452
      size: 71677988
    - path: src/model/model_eval.py
      hash: md5
      md5: 70250df1bc2f608fea1fdc1c404f9615
      size: 2620
    outs:
    - path: reports/metrics.json
      hash: md5
      md5: 99526ad7bb1f787e39ea04a4e2f450bc
      size: 146
