schema: '2.0'
stages:
  data_collection:
    cmd: python src/data/data_collection.py
    deps:
    - path: data/raw/water_potability.csv
      hash: md5
      md5: a5eeae83d792e40da6c2f9e1eab945fc
      size: 525187
    - path: src/data/data_collection.py
      hash: md5
      md5: 8190c440d80129d7b5e8db854f7b6411
      size: 2398
    params:
      params.yaml:
        data_collection.test_size: 0.2
    outs:
    - path: data/raw/test.csv
      hash: md5
      md5: 66185e107102acccc3d127348394a632
      size: 104672
    - path: data/raw/train.csv
      hash: md5
      md5: 4e2e1af41df8c7e06d17c2047e710397
      size: 417590
  pre_processing:
    cmd: python src/data/data_prep.py
    deps:
    - path: data/raw
      hash: md5
      md5: 9a1f432539ff80d8408391370bf8a3d1.dir
      size: 1047449
      nfiles: 4
    - path: src/data/data_prep.py
      hash: md5
      md5: d68e3b1aa32c75ded55a8c8af3082e02
      size: 1864
    params:
      params.yaml:
        model_building.n_estimators: 1000
    outs:
    - path: data/processed
      hash: md5
      md5: 92d970708e40f01ffc5f718fc97b9c87.dir
      size: 521886
      nfiles: 2
  model_building:
    cmd: python src/model/model_building.py
    deps:
    - path: data/processed
      hash: md5
      md5: 92d970708e40f01ffc5f718fc97b9c87.dir
      size: 521886
      nfiles: 2
    - path: src/model/model_building.py
      hash: md5
      md5: 3c4268bfe5fc878eb7eb4926b7f740e2
      size: 2624
    outs:
    - path: models/model.pkl
      hash: md5
      md5: 219b09186fd3016405b2e58005329bff
      size: 71564228
  model_eval:
    cmd: python src/model/model_eval.py
    deps:
    - path: models/model.pkl
      hash: md5
      md5: 219b09186fd3016405b2e58005329bff
      size: 71564228
    - path: src/model/model_eval.py
      hash: md5
      md5: 026dcea58c89cdb92da555c514f77918
      size: 2722
    outs:
    - path: reports/metrics.json
      hash: md5
      md5: 63a84306335dfe913732eb53f89ce207
      size: 146
